
Microsoft Visual Studio Solution File, Format Version 12.00
# Visual Studio Version 16
VisualStudioVersion = 16.0.31410.357
MinimumVisualStudioVersion = 10.0.40219.1
Project("{FAE04EC0-301F-11D3-BF4B-00C04F79EFBC}") = "VCSharpF28LightControlDemo", "VCSharpF28LightControlDemo\VCSharpF28LightControlDemo.csproj", "{CE1FFF15-896D-49A9-B774-37A9EFE576A0}"
EndProject
Global
	GlobalSection(SolutionConfigurationPlatforms) = preSolution
		Debug|Any CPU = Debug|Any CPU
		Debug|Mixed Platforms = Debug|Mixed Platforms
		Debug|Win32 = Debug|Win32
		Debug|x64 = Debug|x64
		Debug|x86 = Debug|x86
		Release 64|Any CPU = Release 64|Any CPU
		Release 64|Mixed Platforms = Release 64|Mixed Platforms
		Release 64|Win32 = Release 64|Win32
		Release 64|x64 = Release 64|x64
		Release 64|x86 = Release 64|x86
		Release|Any CPU = Release|Any CPU
		Release|Mixed Platforms = Release|Mixed Platforms
		Release|Win32 = Release|Win32
		Release|x64 = Release|x64
		Release|x86 = Release|x86
	EndGlobalSection
	GlobalSection(ProjectConfigurationPlatforms) = postSolution
		{CE1FFF15-896D-49A9-B774-37A9EFE576A0}.Debug|Any CPU.ActiveCfg = Debug|Any CPU
		{CE1FFF15-896D-49A9-B774-37A9EFE576A0}.Debug|Any CPU.Build.0 = Debug|Any CPU
		{CE1FFF15-896D-49A9-B774-37A9EFE576A0}.Debug|Mixed Platforms.ActiveCfg = Debug|Any CPU
		{CE1FFF15-896D-49A9-B774-37A9EFE576A0}.Debug|Mixed Platforms.Build.0 = Debug|Any CPU
		{CE1FFF15-896D-49A9-B774-37A9EFE576A0}.Debug|Win32.ActiveCfg = Debug|Any CPU
		{CE1FFF15-896D-49A9-B774-37A9EFE576A0}.Debug|x64.ActiveCfg = Debug|x64
		{CE1FFF15-896D-49A9-B774-37A9EFE576A0}.Debug|x64.Build.0 = Debug|x64
		{CE1FFF15-896D-49A9-B774-37A9EFE576A0}.Debug|x86.ActiveCfg = Debug|x86
		{CE1FFF15-896D-49A9-B774-37A9EFE576A0}.Debug|x86.Build.0 = Debug|x86
		{CE1FFF15-896D-49A9-B774-37A9EFE576A0}.Release 64|Any CPU.ActiveCfg = Release 64|Any CPU
		{CE1FFF15-896D-49A9-B774-37A9EFE576A0}.Release 64|Any CPU.Build.0 = Release 64|Any CPU
		{CE1FFF15-896D-49A9-B774-37A9EFE576A0}.Release 64|Mixed Platforms.ActiveCfg = Release 64|Any CPU
		{CE1FFF15-896D-49A9-B774-37A9EFE576A0}.Release 64|Mixed Platforms.Build.0 = Release 64|Any CPU
		{CE1FFF15-896D-49A9-B774-37A9EFE576A0}.Release 64|Win32.ActiveCfg = Release 64|Any CPU
		{CE1FFF15-896D-49A9-B774-37A9EFE576A0}.Release 64|x64.ActiveCfg = Release 64|x64
		{CE1FFF15-896D-49A9-B774-37A9EFE576A0}.Release 64|x64.Build.0 = Release 64|x64
		{CE1FFF15-896D-49A9-B774-37A9EFE576A0}.Release 64|x86.ActiveCfg = Release 64|x86
		{CE1FFF15-896D-49A9-B774-37A9EFE576A0}.Release 64|x86.Build.0 = Release 64|x86
		{CE1FFF15-896D-49A9-B774-37A9EFE576A0}.Release|Any CPU.ActiveCfg = Release|Any CPU
		{CE1FFF15-896D-49A9-B774-37A9EFE576A0}.Release|Any CPU.Build.0 = Release|Any CPU
		{CE1FFF15-896D-49A9-B774-37A9EFE576A0}.Release|Mixed Platforms.ActiveCfg = Release|Any CPU
		{CE1FFF15-896D-49A9-B774-37A9EFE576A0}.Release|Mixed Platforms.Build.0 = Release|Any CPU
		{CE1FFF15-896D-49A9-B774-37A9EFE576A0}.Release|Win32.ActiveCfg = Release|Any CPU
		{CE1FFF15-896D-49A9-B774-37A9EFE576A0}.Release|x64.ActiveCfg = Release|x64
		{CE1FFF15-896D-49A9-B774-37A9EFE576A0}.Release|x64.Build.0 = Release|x64
		{CE1FFF15-896D-49A9-B774-37A9EFE576A0}.Release|x86.ActiveCfg = Release|x86
		{CE1FFF15-896D-49A9-B774-37A9EFE576A0}.Release|x86.Build.0 = Release|x86
	EndGlobalSection
	GlobalSection(SolutionProperties) = preSolution
		HideSolutionNode = FALSE
	EndGlobalSection
	GlobalSection(ExtensibilityGlobals) = postSolution
		SolutionGuid = {F968FF82-7614-45B1-9D74-357C3B45F84B}
	EndGlobalSection
EndGlobal
